
Microsoft Visual Studio Solution File, Format Version 12.00
# Visual Studio 15
VisualStudioVersion = 15.0.26430.12
MinimumVisualStudioVersion = 10.0.40219.1
Project("{FAE04EC0-301F-11D3-BF4B-00C04F79EFBC}") = "WebApp", "AP2WebApp\WebApp.csproj", "{016BF0A6-54C8-46A7-9AA6-95D6324FCBB7}"
EndProject
Project("{FAE04EC0-301F-11D3-BF4B-00C04F79EFBC}") = "SearchAlgorithmsLib", "SearchAlgorithmsLib\SearchAlgorithmsLib.csproj", "{6D7683BE-BF5A-43D2-A6E9-F74F3AD426A9}"
EndProject
Project("{FAE04EC0-301F-11D3-BF4B-00C04F79EFBC}") = "MazeAdapterLib", "MazeAdapterLib\MazeAdapterLib.csproj", "{56624A5C-B19B-4B0A-B833-F58583038BF8}"
EndProject
Project("{FAE04EC0-301F-11D3-BF4B-00C04F79EFBC}") = "SharedData", "SharedData\SharedData.csproj", "{703498E0-A11F-4E85-86D9-E2347964826F}"
EndProject
Global
	GlobalSection(SolutionConfigurationPlatforms) = preSolution
		Debug|Any CPU = Debug|Any CPU
		Release|Any CPU = Release|Any CPU
	EndGlobalSection
	GlobalSection(ProjectConfigurationPlatforms) = postSolution
		{016BF0A6-54C8-46A7-9AA6-95D6324FCBB7}.Debug|Any CPU.ActiveCfg = Debug|Any CPU
		{016BF0A6-54C8-46A7-9AA6-95D6324FCBB7}.Debug|Any CPU.Build.0 = Debug|Any CPU
		{016BF0A6-54C8-46A7-9AA6-95D6324FCBB7}.Release|Any CPU.ActiveCfg = Release|Any CPU
		{016BF0A6-54C8-46A7-9AA6-95D6324FCBB7}.Release|Any CPU.Build.0 = Release|Any CPU
		{6D7683BE-BF5A-43D2-A6E9-F74F3AD426A9}.Debug|Any CPU.ActiveCfg = Debug|Any CPU
		{6D7683BE-BF5A-43D2-A6E9-F74F3AD426A9}.Debug|Any CPU.Build.0 = Debug|Any CPU
		{6D7683BE-BF5A-43D2-A6E9-F74F3AD426A9}.Release|Any CPU.ActiveCfg = Release|Any CPU
		{6D7683BE-BF5A-43D2-A6E9-F74F3AD426A9}.Release|Any CPU.Build.0 = Release|Any CPU
		{56624A5C-B19B-4B0A-B833-F58583038BF8}.Debug|Any CPU.ActiveCfg = Debug|Any CPU
		{56624A5C-B19B-4B0A-B833-F58583038BF8}.Debug|Any CPU.Build.0 = Debug|Any CPU
		{56624A5C-B19B-4B0A-B833-F58583038BF8}.Release|Any CPU.ActiveCfg = Release|Any CPU
		{56624A5C-B19B-4B0A-B833-F58583038BF8}.Release|Any CPU.Build.0 = Release|Any CPU
		{703498E0-A11F-4E85-86D9-E2347964826F}.Debug|Any CPU.ActiveCfg = Debug|Any CPU
		{703498E0-A11F-4E85-86D9-E2347964826F}.Debug|Any CPU.Build.0 = Debug|Any CPU
		{703498E0-A11F-4E85-86D9-E2347964826F}.Release|Any CPU.ActiveCfg = Release|Any CPU
		{703498E0-A11F-4E85-86D9-E2347964826F}.Release|Any CPU.Build.0 = Release|Any CPU
	EndGlobalSection
	GlobalSection(SolutionProperties) = preSolution
		HideSolutionNode = FALSE
	EndGlobalSection
EndGlobal
